
Microsoft Visual Studio Solution File, Format Version 12.00
# Visual Studio 15
VisualStudioVersion = 15.0.27130.2027
MinimumVisualStudioVersion = 10.0.40219.1
Project("{FAE04EC0-301F-11D3-BF4B-00C04F79EFBC}") = "Demo_Library", "Demo_Library\Demo_Library.csproj", "{35A13797-7AFC-442C-BCA1-AA8F969685B9}"
EndProject
Global
	GlobalSection(SolutionConfigurationPlatforms) = preSolution
		Debug|Any CPU = Debug|Any CPU
		Release|Any CPU = Release|Any CPU
	EndGlobalSection
	GlobalSection(ProjectConfigurationPlatforms) = postSolution
		{35A13797-7AFC-442C-BCA1-AA8F969685B9}.Debug|Any CPU.ActiveCfg = Debug|Any CPU
		{35A13797-7AFC-442C-BCA1-AA8F969685B9}.Debug|Any CPU.Build.0 = Debug|Any CPU
		{35A13797-7AFC-442C-BCA1-AA8F969685B9}.Release|Any CPU.ActiveCfg = Release|Any CPU
		{35A13797-7AFC-442C-BCA1-AA8F969685B9}.Release|Any CPU.Build.0 = Release|Any CPU
	EndGlobalSection
	GlobalSection(SolutionProperties) = preSolution
		HideSolutionNode = FALSE
	EndGlobalSection
	GlobalSection(ExtensibilityGlobals) = postSolution
		SolutionGuid = {0474F6C7-211A-4C69-B625-E0D33806EB42}
	EndGlobalSection
EndGlobal
